
Microsoft Visual Studio Solution File, Format Version 11.00
# Visual C++ Express 2010
Project("{8BC9CEB8-8B4A-11D0-8D11-00A0C91BC942}") = "Cards", "Cards\Cards.vcxproj", "{C3E8A4D2-7FF3-4566-B527-E9E1188461D0}"
EndProject
Global
	GlobalSection(SolutionConfigurationPlatforms) = preSolution
		Debug|Win32 = Debug|Win32
		Release|Win32 = Release|Win32
	EndGlobalSection
	GlobalSection(ProjectConfigurationPlatforms) = postSolution
		{C3E8A4D2-7FF3-4566-B527-E9E1188461D0}.Debug|Win32.ActiveCfg = Debug|Win32
		{C3E8A4D2-7FF3-4566-B527-E9E1188461D0}.Debug|Win32.Build.0 = Debug|Win32
		{C3E8A4D2-7FF3-4566-B527-E9E1188461D0}.Release|Win32.ActiveCfg = Release|Win32
		{C3E8A4D2-7FF3-4566-B527-E9E1188461D0}.Release|Win32.Build.0 = Release|Win32
	EndGlobalSection
	GlobalSection(SolutionProperties) = preSolution
		HideSolutionNode = FALSE
	EndGlobalSection
EndGlobal
