
Microsoft Visual Studio Solution File, Format Version 11.00
# Visual C++ Express 2010
Project("{8BC9CEB8-8B4A-11D0-8D11-00A0C91BC942}") = "Vector", "Vector\Vector.vcxproj", "{ED76DDDD-FBD8-438B-B4A9-0E31CAA2D289}"
EndProject
Global
	GlobalSection(SolutionConfigurationPlatforms) = preSolution
		Debug|Win32 = Debug|Win32
		Release|Win32 = Release|Win32
	EndGlobalSection
	GlobalSection(ProjectConfigurationPlatforms) = postSolution
		{ED76DDDD-FBD8-438B-B4A9-0E31CAA2D289}.Debug|Win32.ActiveCfg = Debug|Win32
		{ED76DDDD-FBD8-438B-B4A9-0E31CAA2D289}.Debug|Win32.Build.0 = Debug|Win32
		{ED76DDDD-FBD8-438B-B4A9-0E31CAA2D289}.Release|Win32.ActiveCfg = Release|Win32
		{ED76DDDD-FBD8-438B-B4A9-0E31CAA2D289}.Release|Win32.Build.0 = Release|Win32
	EndGlobalSection
	GlobalSection(SolutionProperties) = preSolution
		HideSolutionNode = FALSE
	EndGlobalSection
EndGlobal
