
Microsoft Visual Studio Solution File, Format Version 11.00
# Visual C++ Express 2010
Project("{8BC9CEB8-8B4A-11D0-8D11-00A0C91BC942}") = "BookClub", "BookClub\BookClub.vcxproj", "{928BA8D2-3577-4662-86BF-08AE429AED17}"
EndProject
Global
	GlobalSection(SolutionConfigurationPlatforms) = preSolution
		Debug|Win32 = Debug|Win32
		Release|Win32 = Release|Win32
	EndGlobalSection
	GlobalSection(ProjectConfigurationPlatforms) = postSolution
		{928BA8D2-3577-4662-86BF-08AE429AED17}.Debug|Win32.ActiveCfg = Debug|Win32
		{928BA8D2-3577-4662-86BF-08AE429AED17}.Debug|Win32.Build.0 = Debug|Win32
		{928BA8D2-3577-4662-86BF-08AE429AED17}.Release|Win32.ActiveCfg = Release|Win32
		{928BA8D2-3577-4662-86BF-08AE429AED17}.Release|Win32.Build.0 = Release|Win32
	EndGlobalSection
	GlobalSection(SolutionProperties) = preSolution
		HideSolutionNode = FALSE
	EndGlobalSection
EndGlobal
